
Microsoft Visual Studio Solution File, Format Version 12.00
# Visual Studio Version 18
VisualStudioVersion = 18.7.11822.327 insiders
MinimumVisualStudioVersion = 10.0.40219.1
Project("{2150E333-8FDC-42A3-9474-1A3956D46DE8}") = "src", "src", "{827E0CD3-B72D-47B6-A68D-7590B98EB39B}"
EndProject
Project("{FAE04EC0-301F-11D3-BF4B-00C04F79EFBC}") = "OrderHub.Domain", "src\OrderHub.Domain\OrderHub.Domain.csproj", "{FCB3B413-26B1-401C-8BBE-D9534076F5E0}"
EndProject
Project("{FAE04EC0-301F-11D3-BF4B-00C04F79EFBC}") = "OrderHub.Application", "src\OrderHub.Application\OrderHub.Application.csproj", "{802D7C29-7FF3-4944-A315-AEDED2CBD3B2}"
EndProject
Project("{FAE04EC0-301F-11D3-BF4B-00C04F79EFBC}") = "OrderHub.Infrastructure", "src\OrderHub.Infrastructure\OrderHub.Infrastructure.csproj", "{A60B0C1E-1E0C-48AB-A303-75D887D7F95E}"
EndProject
Project("{FAE04EC0-301F-11D3-BF4B-00C04F79EFBC}") = "OrderHub.Infrastructure.Migrations", "src\OrderHub.Infrastructure.Migrations\OrderHub.Infrastructure.Migrations.csproj", "{9A06DE0F-D37D-48DA-9782-774AE488A836}"
EndProject
Project("{FAE04EC0-301F-11D3-BF4B-00C04F79EFBC}") = "OrderHub.Contracts", "src\OrderHub.Contracts\OrderHub.Contracts.csproj", "{6D6230EE-E898-402B-8ED1-DA7B786CE9AF}"
EndProject
Project("{FAE04EC0-301F-11D3-BF4B-00C04F79EFBC}") = "OrderHub.Api", "src\OrderHub.Api\OrderHub.Api.csproj", "{0405112E-F4B8-4AB4-88ED-E92D606B904B}"
EndProject
Project("{2150E333-8FDC-42A3-9474-1A3956D46DE8}") = "tests", "tests", "{0AB3BF05-4346-4AA6-1389-037BE0695223}"
EndProject
Project("{FAE04EC0-301F-11D3-BF4B-00C04F79EFBC}") = "OrderHub.Domain.Tests", "tests\OrderHub.Domain.Tests\OrderHub.Domain.Tests.csproj", "{7DF53639-AA96-47A8-9658-C5F066340658}"
EndProject
Project("{FAE04EC0-301F-11D3-BF4B-00C04F79EFBC}") = "OrderHub.Application.Tests", "tests\OrderHub.Application.Tests\OrderHub.Application.Tests.csproj", "{F98D1C0B-59B6-4DD6-834E-C55FDAFBFED7}"
EndProject
Project("{FAE04EC0-301F-11D3-BF4B-00C04F79EFBC}") = "OrderHub.Integration.Tests", "tests\OrderHub.Integration.Tests\OrderHub.Integration.Tests.csproj", "{BC0C4DA1-7A77-40E3-B8A7-CEDAA56EA839}"
EndProject
Project("{FAE04EC0-301F-11D3-BF4B-00C04F79EFBC}") = "OrderHub.Architecture.Tests", "tests\OrderHub.Architecture.Tests\OrderHub.Architecture.Tests.csproj", "{5D63A133-7235-47DA-AC76-CF9D8C229674}"
EndProject
Project("{E53339B2-1760-4266-BCC7-CA923CBCF16C}") = "docker-compose", "docker-compose.dcproj", "{81DDED9D-158B-E303-5F62-77A2896D2A5A}"
EndProject
Global
	GlobalSection(SolutionConfigurationPlatforms) = preSolution
		Debug|Any CPU = Debug|Any CPU
		Debug|x64 = Debug|x64
		Debug|x86 = Debug|x86
		Release|Any CPU = Release|Any CPU
		Release|x64 = Release|x64
		Release|x86 = Release|x86
	EndGlobalSection
	GlobalSection(ProjectConfigurationPlatforms) = postSolution
		{FCB3B413-26B1-401C-8BBE-D9534076F5E0}.Debug|Any CPU.ActiveCfg = Debug|Any CPU
		{FCB3B413-26B1-401C-8BBE-D9534076F5E0}.Debug|Any CPU.Build.0 = Debug|Any CPU
		{FCB3B413-26B1-401C-8BBE-D9534076F5E0}.Debug|x64.ActiveCfg = Debug|Any CPU
		{FCB3B413-26B1-401C-8BBE-D9534076F5E0}.Debug|x64.Build.0 = Debug|Any CPU
		{FCB3B413-26B1-401C-8BBE-D9534076F5E0}.Debug|x86.ActiveCfg = Debug|Any CPU
		{FCB3B413-26B1-401C-8BBE-D9534076F5E0}.Debug|x86.Build.0 = Debug|Any CPU
		{FCB3B413-26B1-401C-8BBE-D9534076F5E0}.Release|Any CPU.ActiveCfg = Release|Any CPU
		{FCB3B413-26B1-401C-8BBE-D9534076F5E0}.Release|Any CPU.Build.0 = Release|Any CPU
		{FCB3B413-26B1-401C-8BBE-D9534076F5E0}.Release|x64.ActiveCfg = Release|Any CPU
		{FCB3B413-26B1-401C-8BBE-D9534076F5E0}.Release|x64.Build.0 = Release|Any CPU
		{FCB3B413-26B1-401C-8BBE-D9534076F5E0}.Release|x86.ActiveCfg = Release|Any CPU
		{FCB3B413-26B1-401C-8BBE-D9534076F5E0}.Release|x86.Build.0 = Release|Any CPU
		{802D7C29-7FF3-4944-A315-AEDED2CBD3B2}.Debug|Any CPU.ActiveCfg = Debug|Any CPU
		{802D7C29-7FF3-4944-A315-AEDED2CBD3B2}.Debug|Any CPU.Build.0 = Debug|Any CPU
		{802D7C29-7FF3-4944-A315-AEDED2CBD3B2}.Debug|x64.ActiveCfg = Debug|Any CPU
		{802D7C29-7FF3-4944-A315-AEDED2CBD3B2}.Debug|x64.Build.0 = Debug|Any CPU
		{802D7C29-7FF3-4944-A315-AEDED2CBD3B2}.Debug|x86.ActiveCfg = Debug|Any CPU
		{802D7C29-7FF3-4944-A315-AEDED2CBD3B2}.Debug|x86.Build.0 = Debug|Any CPU
		{802D7C29-7FF3-4944-A315-AEDED2CBD3B2}.Release|Any CPU.ActiveCfg = Release|Any CPU
		{802D7C29-7FF3-4944-A315-AEDED2CBD3B2}.Release|Any CPU.Build.0 = Release|Any CPU
		{802D7C29-7FF3-4944-A315-AEDED2CBD3B2}.Release|x64.ActiveCfg = Release|Any CPU
		{802D7C29-7FF3-4944-A315-AEDED2CBD3B2}.Release|x64.Build.0 = Release|Any CPU
		{802D7C29-7FF3-4944-A315-AEDED2CBD3B2}.Release|x86.ActiveCfg = Release|Any CPU
		{802D7C29-7FF3-4944-A315-AEDED2CBD3B2}.Release|x86.Build.0 = Release|Any CPU
		{A60B0C1E-1E0C-48AB-A303-75D887D7F95E}.Debug|Any CPU.ActiveCfg = Debug|Any CPU
		{A60B0C1E-1E0C-48AB-A303-75D887D7F95E}.Debug|Any CPU.Build.0 = Debug|Any CPU
		{A60B0C1E-1E0C-48AB-A303-75D887D7F95E}.Debug|x64.ActiveCfg = Debug|Any CPU
		{A60B0C1E-1E0C-48AB-A303-75D887D7F95E}.Debug|x64.Build.0 = Debug|Any CPU
		{A60B0C1E-1E0C-48AB-A303-75D887D7F95E}.Debug|x86.ActiveCfg = Debug|Any CPU
		{A60B0C1E-1E0C-48AB-A303-75D887D7F95E}.Debug|x86.Build.0 = Debug|Any CPU
		{A60B0C1E-1E0C-48AB-A303-75D887D7F95E}.Release|Any CPU.ActiveCfg = Release|Any CPU
		{A60B0C1E-1E0C-48AB-A303-75D887D7F95E}.Release|Any CPU.Build.0 = Release|Any CPU
		{A60B0C1E-1E0C-48AB-A303-75D887D7F95E}.Release|x64.ActiveCfg = Release|Any CPU
		{A60B0C1E-1E0C-48AB-A303-75D887D7F95E}.Release|x64.Build.0 = Release|Any CPU
		{A60B0C1E-1E0C-48AB-A303-75D887D7F95E}.Release|x86.ActiveCfg = Release|Any CPU
		{A60B0C1E-1E0C-48AB-A303-75D887D7F95E}.Release|x86.Build.0 = Release|Any CPU
		{9A06DE0F-D37D-48DA-9782-774AE488A836}.Debug|Any CPU.ActiveCfg = Debug|Any CPU
		{9A06DE0F-D37D-48DA-9782-774AE488A836}.Debug|Any CPU.Build.0 = Debug|Any CPU
		{9A06DE0F-D37D-48DA-9782-774AE488A836}.Debug|x64.ActiveCfg = Debug|Any CPU
		{9A06DE0F-D37D-48DA-9782-774AE488A836}.Debug|x64.Build.0 = Debug|Any CPU
		{9A06DE0F-D37D-48DA-9782-774AE488A836}.Debug|x86.ActiveCfg = Debug|Any CPU
		{9A06DE0F-D37D-48DA-9782-774AE488A836}.Debug|x86.Build.0 = Debug|Any CPU
		{9A06DE0F-D37D-48DA-9782-774AE488A836}.Release|Any CPU.ActiveCfg = Release|Any CPU
		{9A06DE0F-D37D-48DA-9782-774AE488A836}.Release|Any CPU.Build.0 = Release|Any CPU
		{9A06DE0F-D37D-48DA-9782-774AE488A836}.Release|x64.ActiveCfg = Release|Any CPU
		{9A06DE0F-D37D-48DA-9782-774AE488A836}.Release|x64.Build.0 = Release|Any CPU
		{9A06DE0F-D37D-48DA-9782-774AE488A836}.Release|x86.ActiveCfg = Release|Any CPU
		{9A06DE0F-D37D-48DA-9782-774AE488A836}.Release|x86.Build.0 = Release|Any CPU
		{6D6230EE-E898-402B-8ED1-DA7B786CE9AF}.Debug|Any CPU.ActiveCfg = Debug|Any CPU
		{6D6230EE-E898-402B-8ED1-DA7B786CE9AF}.Debug|Any CPU.Build.0 = Debug|Any CPU
		{6D6230EE-E898-402B-8ED1-DA7B786CE9AF}.Debug|x64.ActiveCfg = Debug|Any CPU
		{6D6230EE-E898-402B-8ED1-DA7B786CE9AF}.Debug|x64.Build.0 = Debug|Any CPU
		{6D6230EE-E898-402B-8ED1-DA7B786CE9AF}.Debug|x86.ActiveCfg = Debug|Any CPU
		{6D6230EE-E898-402B-8ED1-DA7B786CE9AF}.Debug|x86.Build.0 = Debug|Any CPU
		{6D6230EE-E898-402B-8ED1-DA7B786CE9AF}.Release|Any CPU.ActiveCfg = Release|Any CPU
		{6D6230EE-E898-402B-8ED1-DA7B786CE9AF}.Release|Any CPU.Build.0 = Release|Any CPU
		{6D6230EE-E898-402B-8ED1-DA7B786CE9AF}.Release|x64.ActiveCfg = Release|Any CPU
		{6D6230EE-E898-402B-8ED1-DA7B786CE9AF}.Release|x64.Build.0 = Release|Any CPU
		{6D6230EE-E898-402B-8ED1-DA7B786CE9AF}.Release|x86.ActiveCfg = Release|Any CPU
		{6D6230EE-E898-402B-8ED1-DA7B786CE9AF}.Release|x86.Build.0 = Release|Any CPU
		{0405112E-F4B8-4AB4-88ED-E92D606B904B}.Debug|Any CPU.ActiveCfg = Debug|Any CPU
		{0405112E-F4B8-4AB4-88ED-E92D606B904B}.Debug|Any CPU.Build.0 = Debug|Any CPU
		{0405112E-F4B8-4AB4-88ED-E92D606B904B}.Debug|x64.ActiveCfg = Debug|Any CPU
		{0405112E-F4B8-4AB4-88ED-E92D606B904B}.Debug|x64.Build.0 = Debug|Any CPU
		{0405112E-F4B8-4AB4-88ED-E92D606B904B}.Debug|x86.ActiveCfg = Debug|Any CPU
		{0405112E-F4B8-4AB4-88ED-E92D606B904B}.Debug|x86.Build.0 = Debug|Any CPU
		{0405112E-F4B8-4AB4-88ED-E92D606B904B}.Release|Any CPU.ActiveCfg = Release|Any CPU
		{0405112E-F4B8-4AB4-88ED-E92D606B904B}.Release|Any CPU.Build.0 = Release|Any CPU
		{0405112E-F4B8-4AB4-88ED-E92D606B904B}.Release|x64.ActiveCfg = Release|Any CPU
		{0405112E-F4B8-4AB4-88ED-E92D606B904B}.Release|x64.Build.0 = Release|Any CPU
		{0405112E-F4B8-4AB4-88ED-E92D606B904B}.Release|x86.ActiveCfg = Release|Any CPU
		{0405112E-F4B8-4AB4-88ED-E92D606B904B}.Release|x86.Build.0 = Release|Any CPU
		{7DF53639-AA96-47A8-9658-C5F066340658}.Debug|Any CPU.ActiveCfg = Debug|Any CPU
		{7DF53639-AA96-47A8-9658-C5F066340658}.Debug|Any CPU.Build.0 = Debug|Any CPU
		{7DF53639-AA96-47A8-9658-C5F066340658}.Debug|x64.ActiveCfg = Debug|Any CPU
		{7DF53639-AA96-47A8-9658-C5F066340658}.Debug|x64.Build.0 = Debug|Any CPU
		{7DF53639-AA96-47A8-9658-C5F066340658}.Debug|x86.ActiveCfg = Debug|Any CPU
		{7DF53639-AA96-47A8-9658-C5F066340658}.Debug|x86.Build.0 = Debug|Any CPU
		{7DF53639-AA96-47A8-9658-C5F066340658}.Release|Any CPU.ActiveCfg = Release|Any CPU
		{7DF53639-AA96-47A8-9658-C5F066340658}.Release|Any CPU.Build.0 = Release|Any CPU
		{7DF53639-AA96-47A8-9658-C5F066340658}.Release|x64.ActiveCfg = Release|Any CPU
		{7DF53639-AA96-47A8-9658-C5F066340658}.Release|x64.Build.0 = Release|Any CPU
		{7DF53639-AA96-47A8-9658-C5F066340658}.Release|x86.ActiveCfg = Release|Any CPU
		{7DF53639-AA96-47A8-9658-C5F066340658}.Release|x86.Build.0 = Release|Any CPU
		{F98D1C0B-59B6-4DD6-834E-C55FDAFBFED7}.Debug|Any CPU.ActiveCfg = Debug|Any CPU
		{F98D1C0B-59B6-4DD6-834E-C55FDAFBFED7}.Debug|Any CPU.Build.0 = Debug|Any CPU
		{F98D1C0B-59B6-4DD6-834E-C55FDAFBFED7}.Debug|x64.ActiveCfg = Debug|Any CPU
		{F98D1C0B-59B6-4DD6-834E-C55FDAFBFED7}.Debug|x64.Build.0 = Debug|Any CPU
		{F98D1C0B-59B6-4DD6-834E-C55FDAFBFED7}.Debug|x86.ActiveCfg = Debug|Any CPU
		{F98D1C0B-59B6-4DD6-834E-C55FDAFBFED7}.Debug|x86.Build.0 = Debug|Any CPU
		{F98D1C0B-59B6-4DD6-834E-C55FDAFBFED7}.Release|Any CPU.ActiveCfg = Release|Any CPU
		{F98D1C0B-59B6-4DD6-834E-C55FDAFBFED7}.Release|Any CPU.Build.0 = Release|Any CPU
		{F98D1C0B-59B6-4DD6-834E-C55FDAFBFED7}.Release|x64.ActiveCfg = Release|Any CPU
		{F98D1C0B-59B6-4DD6-834E-C55FDAFBFED7}.Release|x64.Build.0 = Release|Any CPU
		{F98D1C0B-59B6-4DD6-834E-C55FDAFBFED7}.Release|x86.ActiveCfg = Release|Any CPU
		{F98D1C0B-59B6-4DD6-834E-C55FDAFBFED7}.Release|x86.Build.0 = Release|Any CPU
		{BC0C4DA1-7A77-40E3-B8A7-CEDAA56EA839}.Debug|Any CPU.ActiveCfg = Debug|Any CPU
		{BC0C4DA1-7A77-40E3-B8A7-CEDAA56EA839}.Debug|Any CPU.Build.0 = Debug|Any CPU
		{BC0C4DA1-7A77-40E3-B8A7-CEDAA56EA839}.Debug|x64.ActiveCfg = Debug|Any CPU
		{BC0C4DA1-7A77-40E3-B8A7-CEDAA56EA839}.Debug|x64.Build.0 = Debug|Any CPU
		{BC0C4DA1-7A77-40E3-B8A7-CEDAA56EA839}.Debug|x86.ActiveCfg = Debug|Any CPU
		{BC0C4DA1-7A77-40E3-B8A7-CEDAA56EA839}.Debug|x86.Build.0 = Debug|Any CPU
		{BC0C4DA1-7A77-40E3-B8A7-CEDAA56EA839}.Release|Any CPU.ActiveCfg = Release|Any CPU
		{BC0C4DA1-7A77-40E3-B8A7-CEDAA56EA839}.Release|Any CPU.Build.0 = Release|Any CPU
		{BC0C4DA1-7A77-40E3-B8A7-CEDAA56EA839}.Release|x64.ActiveCfg = Release|Any CPU
		{BC0C4DA1-7A77-40E3-B8A7-CEDAA56EA839}.Release|x64.Build.0 = Release|Any CPU
		{BC0C4DA1-7A77-40E3-B8A7-CEDAA56EA839}.Release|x86.ActiveCfg = Release|Any CPU
		{BC0C4DA1-7A77-40E3-B8A7-CEDAA56EA839}.Release|x86.Build.0 = Release|Any CPU
		{5D63A133-7235-47DA-AC76-CF9D8C229674}.Debug|Any CPU.ActiveCfg = Debug|Any CPU
		{5D63A133-7235-47DA-AC76-CF9D8C229674}.Debug|Any CPU.Build.0 = Debug|Any CPU
		{5D63A133-7235-47DA-AC76-CF9D8C229674}.Debug|x64.ActiveCfg = Debug|Any CPU
		{5D63A133-7235-47DA-AC76-CF9D8C229674}.Debug|x64.Build.0 = Debug|Any CPU
		{5D63A133-7235-47DA-AC76-CF9D8C229674}.Debug|x86.ActiveCfg = Debug|Any CPU
		{5D63A133-7235-47DA-AC76-CF9D8C229674}.Debug|x86.Build.0 = Debug|Any CPU
		{5D63A133-7235-47DA-AC76-CF9D8C229674}.Release|Any CPU.ActiveCfg = Release|Any CPU
		{5D63A133-7235-47DA-AC76-CF9D8C229674}.Release|Any CPU.Build.0 = Release|Any CPU
		{5D63A133-7235-47DA-AC76-CF9D8C229674}.Release|x64.ActiveCfg = Release|Any CPU
		{5D63A133-7235-47DA-AC76-CF9D8C229674}.Release|x64.Build.0 = Release|Any CPU
		{5D63A133-7235-47DA-AC76-CF9D8C229674}.Release|x86.ActiveCfg = Release|Any CPU
		{5D63A133-7235-47DA-AC76-CF9D8C229674}.Release|x86.Build.0 = Release|Any CPU
		{81DDED9D-158B-E303-5F62-77A2896D2A5A}.Debug|Any CPU.ActiveCfg = Debug|Any CPU
		{81DDED9D-158B-E303-5F62-77A2896D2A5A}.Debug|Any CPU.Build.0 = Debug|Any CPU
		{81DDED9D-158B-E303-5F62-77A2896D2A5A}.Debug|x64.ActiveCfg = Debug|Any CPU
		{81DDED9D-158B-E303-5F62-77A2896D2A5A}.Debug|x64.Build.0 = Debug|Any CPU
		{81DDED9D-158B-E303-5F62-77A2896D2A5A}.Debug|x86.ActiveCfg = Debug|Any CPU
		{81DDED9D-158B-E303-5F62-77A2896D2A5A}.Debug|x86.Build.0 = Debug|Any CPU
		{81DDED9D-158B-E303-5F62-77A2896D2A5A}.Release|Any CPU.ActiveCfg = Release|Any CPU
		{81DDED9D-158B-E303-5F62-77A2896D2A5A}.Release|Any CPU.Build.0 = Release|Any CPU
		{81DDED9D-158B-E303-5F62-77A2896D2A5A}.Release|x64.ActiveCfg = Release|Any CPU
		{81DDED9D-158B-E303-5F62-77A2896D2A5A}.Release|x64.Build.0 = Release|Any CPU
		{81DDED9D-158B-E303-5F62-77A2896D2A5A}.Release|x86.ActiveCfg = Release|Any CPU
		{81DDED9D-158B-E303-5F62-77A2896D2A5A}.Release|x86.Build.0 = Release|Any CPU
	EndGlobalSection
	GlobalSection(SolutionProperties) = preSolution
		HideSolutionNode = FALSE
	EndGlobalSection
	GlobalSection(NestedProjects) = preSolution
		{FCB3B413-26B1-401C-8BBE-D9534076F5E0} = {827E0CD3-B72D-47B6-A68D-7590B98EB39B}
		{802D7C29-7FF3-4944-A315-AEDED2CBD3B2} = {827E0CD3-B72D-47B6-A68D-7590B98EB39B}
		{A60B0C1E-1E0C-48AB-A303-75D887D7F95E} = {827E0CD3-B72D-47B6-A68D-7590B98EB39B}
		{9A06DE0F-D37D-48DA-9782-774AE488A836} = {827E0CD3-B72D-47B6-A68D-7590B98EB39B}
		{6D6230EE-E898-402B-8ED1-DA7B786CE9AF} = {827E0CD3-B72D-47B6-A68D-7590B98EB39B}
		{0405112E-F4B8-4AB4-88ED-E92D606B904B} = {827E0CD3-B72D-47B6-A68D-7590B98EB39B}
		{7DF53639-AA96-47A8-9658-C5F066340658} = {0AB3BF05-4346-4AA6-1389-037BE0695223}
		{F98D1C0B-59B6-4DD6-834E-C55FDAFBFED7} = {0AB3BF05-4346-4AA6-1389-037BE0695223}
		{BC0C4DA1-7A77-40E3-B8A7-CEDAA56EA839} = {0AB3BF05-4346-4AA6-1389-037BE0695223}
		{5D63A133-7235-47DA-AC76-CF9D8C229674} = {0AB3BF05-4346-4AA6-1389-037BE0695223}
	EndGlobalSection
	GlobalSection(ExtensibilityGlobals) = postSolution
		SolutionGuid = {FEE85F25-E84E-4EB9-835D-FB910833C711}
	EndGlobalSection
EndGlobal
